PODS:
  - Alamofire (5.8.1)
  - ObjectMapper (4.2.0)
  - SDWebImage (5.18.5):
    - SDWebImage/Core (= 5.18.5)
  - SDWebImage/Core (5.18.5)

DEPENDENCIES:
  - Alamofire
  - ObjectMapper
  - SDWebImage

SPEC REPOS:
  trunk:
    - Alamofire
    - ObjectMapper
    - SDWebImage

SPEC CHECKSUMS:
  Alamofire: 3ca42e259043ee0dc5c0cdd76c4bc568b8e42af7
  ObjectMapper: 1eb41f610210777375fa806bf161dc39fb832b81
  SDWebImage: 7ac2b7ddc5e8484c79aa90fc4e30b149d6a2c88f

PODFILE CHECKSUM: dc130d002ca7893b284c40549b92803ddd16661d

COCOAPODS: 1.12.1
